
Microsoft Visual Studio Solution File, Format Version 12.00
# Visual Studio Version 16
VisualStudioVersion = 16.0.31205.134
MinimumVisualStudioVersion = 10.0.40219.1
Project("{FAE04EC0-301F-11D3-BF4B-00C04F79EFBC}") = "fukuv0609", "fukuv0609\fukuv0609.csproj", "{91E77687-2095-4105-A1B4-582DCAE50B9B}"
EndProject
Global
	GlobalSection(SolutionConfigurationPlatforms) = preSolution
		Debug|Any CPU = Debug|Any CPU
		Release|Any CPU = Release|Any CPU
	EndGlobalSection
	GlobalSection(ProjectConfigurationPlatforms) = postSolution
		{91E77687-2095-4105-A1B4-582DCAE50B9B}.Debug|Any CPU.ActiveCfg = Debug|Any CPU
		{91E77687-2095-4105-A1B4-582DCAE50B9B}.Debug|Any CPU.Build.0 = Debug|Any CPU
		{91E77687-2095-4105-A1B4-582DCAE50B9B}.Release|Any CPU.ActiveCfg = Release|Any CPU
		{91E77687-2095-4105-A1B4-582DCAE50B9B}.Release|Any CPU.Build.0 = Release|Any CPU
	EndGlobalSection
	GlobalSection(SolutionProperties) = preSolution
		HideSolutionNode = FALSE
	EndGlobalSection
	GlobalSection(ExtensibilityGlobals) = postSolution
		SolutionGuid = {F3598498-98F6-43BF-BA23-739E06C8DA1B}
	EndGlobalSection
EndGlobal
